
Microsoft Visual Studio Solution File, Format Version 12.00
# Visual Studio 15
VisualStudioVersion = 15.0.28307.572
MinimumVisualStudioVersion = 10.0.40219.1
Project("{FAE04EC0-301F-11D3-BF4B-00C04F79EFBC}") = "nDictionary", "nDictionary\nDictionary.csproj", "{1C6DC3C4-F1B0-4891-90D0-BB1F71FFD786}"
EndProject
Project("{FAE04EC0-301F-11D3-BF4B-00C04F79EFBC}") = "Debug", "Debug\Debug.csproj", "{44414402-13EA-464F-A87D-FE85FA78C23F}"
EndProject
Global
	GlobalSection(SolutionConfigurationPlatforms) = preSolution
		Debug|Any CPU = Debug|Any CPU
		Release|Any CPU = Release|Any CPU
	EndGlobalSection
	GlobalSection(ProjectConfigurationPlatforms) = postSolution
		{1C6DC3C4-F1B0-4891-90D0-BB1F71FFD786}.Debug|Any CPU.ActiveCfg = Debug|Any CPU
		{1C6DC3C4-F1B0-4891-90D0-BB1F71FFD786}.Debug|Any CPU.Build.0 = Debug|Any CPU
		{1C6DC3C4-F1B0-4891-90D0-BB1F71FFD786}.Release|Any CPU.ActiveCfg = Release|Any CPU
		{1C6DC3C4-F1B0-4891-90D0-BB1F71FFD786}.Release|Any CPU.Build.0 = Release|Any CPU
		{44414402-13EA-464F-A87D-FE85FA78C23F}.Debug|Any CPU.ActiveCfg = Debug|Any CPU
		{44414402-13EA-464F-A87D-FE85FA78C23F}.Debug|Any CPU.Build.0 = Debug|Any CPU
		{44414402-13EA-464F-A87D-FE85FA78C23F}.Release|Any CPU.ActiveCfg = Release|Any CPU
		{44414402-13EA-464F-A87D-FE85FA78C23F}.Release|Any CPU.Build.0 = Release|Any CPU
	EndGlobalSection
	GlobalSection(SolutionProperties) = preSolution
		HideSolutionNode = FALSE
	EndGlobalSection
	GlobalSection(ExtensibilityGlobals) = postSolution
		SolutionGuid = {55C68251-F07F-4DD8-A776-5A7526106FF7}
	EndGlobalSection
EndGlobal
